
Microsoft Visual Studio Solution File, Format Version 11.00
# Visual C++ Express 2010
Project("{8BC9CEB8-8B4A-11D0-8D11-00A0C91BC942}") = "Euler", "Euler\Euler.vcxproj", "{1FAC6E0E-8839-4B81-88C9-3A9610AEA28A}"
EndProject
Project("{8BC9CEB8-8B4A-11D0-8D11-00A0C91BC942}") = "Euler127", "Euler127\Euler127.vcxproj", "{C2E0DA25-5C41-4FCA-9906-83F43D434551}"
EndProject
Project("{8BC9CEB8-8B4A-11D0-8D11-00A0C91BC942}") = "Euler128", "Euler128\Euler128.vcxproj", "{5C5A202D-82DB-48F2-8E86-B42FDB8D4597}"
	ProjectSection(ProjectDependencies) = postProject
		{1FAC6E0E-8839-4B81-88C9-3A9610AEA28A} = {1FAC6E0E-8839-4B81-88C9-3A9610AEA28A}
	EndProjectSection
EndProject
Project("{8BC9CEB8-8B4A-11D0-8D11-00A0C91BC942}") = "Euler135", "Euler135\Euler135.vcxproj", "{F13DF414-CEE1-41E1-AAE7-B786C97EE480}"
EndProject
Project("{8BC9CEB8-8B4A-11D0-8D11-00A0C91BC942}") = "Euler142", "Euler142\Euler142.vcxproj", "{DAF8FAEC-F6B3-480D-AE8A-9C0EF453D521}"
EndProject
Project("{8BC9CEB8-8B4A-11D0-8D11-00A0C91BC942}") = "Euler139", "Euler139\Euler139.vcxproj", "{A8B3A890-DFB6-4A5E-B826-FDF57460646C}"
EndProject
Project("{8BC9CEB8-8B4A-11D0-8D11-00A0C91BC942}") = "Euler146", "Euler146\Euler146.vcxproj", "{9CEED3DF-38D8-4CAD-A2C3-67443DCE2EAC}"
EndProject
Project("{8BC9CEB8-8B4A-11D0-8D11-00A0C91BC942}") = "Euler149", "Euler149\Euler149.vcxproj", "{E4C353B8-436C-4CA5-823D-325F1A0A9BB3}"
EndProject
Project("{8BC9CEB8-8B4A-11D0-8D11-00A0C91BC942}") = "Euler216", "Euler216\Euler216.vcxproj", "{5F6AD064-CA89-4D99-B18A-EFFA5B767475}"
EndProject
Project("{8BC9CEB8-8B4A-11D0-8D11-00A0C91BC942}") = "Euler166", "Euler166\Euler166.vcxproj", "{16859488-AA19-4CE3-9AD2-6BCC8856294A}"
EndProject
Project("{8BC9CEB8-8B4A-11D0-8D11-00A0C91BC942}") = "Euler211", "Euler211\Euler211.vcxproj", "{970BAC75-FCDC-4DE9-9AEC-87E9D3D5BD50}"
EndProject
Project("{8BC9CEB8-8B4A-11D0-8D11-00A0C91BC942}") = "Euler215", "Euler215\Euler215.vcxproj", "{A321A553-3A8F-4D7F-9E01-FFEC07D293E4}"
EndProject
Project("{8BC9CEB8-8B4A-11D0-8D11-00A0C91BC942}") = "Euler234", "Euler234\Euler234.vcxproj", "{3DEE7F4A-8E7B-41CA-A7DE-EB6F7E01C4AF}"
EndProject
Project("{8BC9CEB8-8B4A-11D0-8D11-00A0C91BC942}") = "Euler452", "Euler452\Euler452.vcxproj", "{807A4D11-627E-4A58-B3E7-7FD575EC0781}"
EndProject
Project("{8BC9CEB8-8B4A-11D0-8D11-00A0C91BC942}") = "Euler399", "Euler399\Euler399.vcxproj", "{1A74E7D3-93BB-4FA7-B06B-615C053745CC}"
EndProject
Project("{8BC9CEB8-8B4A-11D0-8D11-00A0C91BC942}") = "Euler229", "Euler229\Euler229.vcxproj", "{A606B1A9-0A2C-4840-8F19-F2818FEE310F}"
EndProject
Project("{8BC9CEB8-8B4A-11D0-8D11-00A0C91BC942}") = "Euler233", "Euler233\Euler233.vcxproj", "{1B63B36C-BA95-48A1-A4EA-83DC73244479}"
EndProject
Global
	GlobalSection(SolutionConfigurationPlatforms) = preSolution
		Debug|Win32 = Debug|Win32
		Release|Win32 = Release|Win32
	EndGlobalSection
	GlobalSection(ProjectConfigurationPlatforms) = postSolution
		{1FAC6E0E-8839-4B81-88C9-3A9610AEA28A}.Debug|Win32.ActiveCfg = Release|Win32
		{1FAC6E0E-8839-4B81-88C9-3A9610AEA28A}.Debug|Win32.Build.0 = Release|Win32
		{1FAC6E0E-8839-4B81-88C9-3A9610AEA28A}.Release|Win32.ActiveCfg = Release|Win32
		{1FAC6E0E-8839-4B81-88C9-3A9610AEA28A}.Release|Win32.Build.0 = Release|Win32
		{C2E0DA25-5C41-4FCA-9906-83F43D434551}.Debug|Win32.ActiveCfg = Debug|Win32
		{C2E0DA25-5C41-4FCA-9906-83F43D434551}.Debug|Win32.Build.0 = Debug|Win32
		{C2E0DA25-5C41-4FCA-9906-83F43D434551}.Release|Win32.ActiveCfg = Release|Win32
		{C2E0DA25-5C41-4FCA-9906-83F43D434551}.Release|Win32.Build.0 = Release|Win32
		{5C5A202D-82DB-48F2-8E86-B42FDB8D4597}.Debug|Win32.ActiveCfg = Debug|Win32
		{5C5A202D-82DB-48F2-8E86-B42FDB8D4597}.Debug|Win32.Build.0 = Debug|Win32
		{5C5A202D-82DB-48F2-8E86-B42FDB8D4597}.Release|Win32.ActiveCfg = Release|Win32
		{5C5A202D-82DB-48F2-8E86-B42FDB8D4597}.Release|Win32.Build.0 = Release|Win32
		{F13DF414-CEE1-41E1-AAE7-B786C97EE480}.Debug|Win32.ActiveCfg = Debug|Win32
		{F13DF414-CEE1-41E1-AAE7-B786C97EE480}.Debug|Win32.Build.0 = Debug|Win32
		{F13DF414-CEE1-41E1-AAE7-B786C97EE480}.Release|Win32.ActiveCfg = Release|Win32
		{F13DF414-CEE1-41E1-AAE7-B786C97EE480}.Release|Win32.Build.0 = Release|Win32
		{DAF8FAEC-F6B3-480D-AE8A-9C0EF453D521}.Debug|Win32.ActiveCfg = Debug|Win32
		{DAF8FAEC-F6B3-480D-AE8A-9C0EF453D521}.Debug|Win32.Build.0 = Debug|Win32
		{DAF8FAEC-F6B3-480D-AE8A-9C0EF453D521}.Release|Win32.ActiveCfg = Release|Win32
		{DAF8FAEC-F6B3-480D-AE8A-9C0EF453D521}.Release|Win32.Build.0 = Release|Win32
		{A8B3A890-DFB6-4A5E-B826-FDF57460646C}.Debug|Win32.ActiveCfg = Debug|Win32
		{A8B3A890-DFB6-4A5E-B826-FDF57460646C}.Debug|Win32.Build.0 = Debug|Win32
		{A8B3A890-DFB6-4A5E-B826-FDF57460646C}.Release|Win32.ActiveCfg = Release|Win32
		{A8B3A890-DFB6-4A5E-B826-FDF57460646C}.Release|Win32.Build.0 = Release|Win32
		{9CEED3DF-38D8-4CAD-A2C3-67443DCE2EAC}.Debug|Win32.ActiveCfg = Debug|Win32
		{9CEED3DF-38D8-4CAD-A2C3-67443DCE2EAC}.Debug|Win32.Build.0 = Debug|Win32
		{9CEED3DF-38D8-4CAD-A2C3-67443DCE2EAC}.Release|Win32.ActiveCfg = Release|Win32
		{9CEED3DF-38D8-4CAD-A2C3-67443DCE2EAC}.Release|Win32.Build.0 = Release|Win32
		{E4C353B8-436C-4CA5-823D-325F1A0A9BB3}.Debug|Win32.ActiveCfg = Debug|Win32
		{E4C353B8-436C-4CA5-823D-325F1A0A9BB3}.Debug|Win32.Build.0 = Debug|Win32
		{E4C353B8-436C-4CA5-823D-325F1A0A9BB3}.Release|Win32.ActiveCfg = Release|Win32
		{E4C353B8-436C-4CA5-823D-325F1A0A9BB3}.Release|Win32.Build.0 = Release|Win32
		{5F6AD064-CA89-4D99-B18A-EFFA5B767475}.Debug|Win32.ActiveCfg = Debug|Win32
		{5F6AD064-CA89-4D99-B18A-EFFA5B767475}.Debug|Win32.Build.0 = Debug|Win32
		{5F6AD064-CA89-4D99-B18A-EFFA5B767475}.Release|Win32.ActiveCfg = Release|Win32
		{5F6AD064-CA89-4D99-B18A-EFFA5B767475}.Release|Win32.Build.0 = Release|Win32
		{16859488-AA19-4CE3-9AD2-6BCC8856294A}.Debug|Win32.ActiveCfg = Debug|Win32
		{16859488-AA19-4CE3-9AD2-6BCC8856294A}.Debug|Win32.Build.0 = Debug|Win32
		{16859488-AA19-4CE3-9AD2-6BCC8856294A}.Release|Win32.ActiveCfg = Release|Win32
		{16859488-AA19-4CE3-9AD2-6BCC8856294A}.Release|Win32.Build.0 = Release|Win32
		{970BAC75-FCDC-4DE9-9AEC-87E9D3D5BD50}.Debug|Win32.ActiveCfg = Debug|Win32
		{970BAC75-FCDC-4DE9-9AEC-87E9D3D5BD50}.Debug|Win32.Build.0 = Debug|Win32
		{970BAC75-FCDC-4DE9-9AEC-87E9D3D5BD50}.Release|Win32.ActiveCfg = Release|Win32
		{970BAC75-FCDC-4DE9-9AEC-87E9D3D5BD50}.Release|Win32.Build.0 = Release|Win32
		{A321A553-3A8F-4D7F-9E01-FFEC07D293E4}.Debug|Win32.ActiveCfg = Debug|Win32
		{A321A553-3A8F-4D7F-9E01-FFEC07D293E4}.Debug|Win32.Build.0 = Debug|Win32
		{A321A553-3A8F-4D7F-9E01-FFEC07D293E4}.Release|Win32.ActiveCfg = Release|Win32
		{A321A553-3A8F-4D7F-9E01-FFEC07D293E4}.Release|Win32.Build.0 = Release|Win32
		{3DEE7F4A-8E7B-41CA-A7DE-EB6F7E01C4AF}.Debug|Win32.ActiveCfg = Debug|Win32
		{3DEE7F4A-8E7B-41CA-A7DE-EB6F7E01C4AF}.Debug|Win32.Build.0 = Debug|Win32
		{3DEE7F4A-8E7B-41CA-A7DE-EB6F7E01C4AF}.Release|Win32.ActiveCfg = Release|Win32
		{3DEE7F4A-8E7B-41CA-A7DE-EB6F7E01C4AF}.Release|Win32.Build.0 = Release|Win32
		{807A4D11-627E-4A58-B3E7-7FD575EC0781}.Debug|Win32.ActiveCfg = Debug|Win32
		{807A4D11-627E-4A58-B3E7-7FD575EC0781}.Debug|Win32.Build.0 = Debug|Win32
		{807A4D11-627E-4A58-B3E7-7FD575EC0781}.Release|Win32.ActiveCfg = Release|Win32
		{807A4D11-627E-4A58-B3E7-7FD575EC0781}.Release|Win32.Build.0 = Release|Win32
		{1A74E7D3-93BB-4FA7-B06B-615C053745CC}.Debug|Win32.ActiveCfg = Debug|Win32
		{1A74E7D3-93BB-4FA7-B06B-615C053745CC}.Debug|Win32.Build.0 = Debug|Win32
		{1A74E7D3-93BB-4FA7-B06B-615C053745CC}.Release|Win32.ActiveCfg = Release|Win32
		{1A74E7D3-93BB-4FA7-B06B-615C053745CC}.Release|Win32.Build.0 = Release|Win32
		{A606B1A9-0A2C-4840-8F19-F2818FEE310F}.Debug|Win32.ActiveCfg = Debug|Win32
		{A606B1A9-0A2C-4840-8F19-F2818FEE310F}.Debug|Win32.Build.0 = Debug|Win32
		{A606B1A9-0A2C-4840-8F19-F2818FEE310F}.Release|Win32.ActiveCfg = Release|Win32
		{A606B1A9-0A2C-4840-8F19-F2818FEE310F}.Release|Win32.Build.0 = Release|Win32
		{1B63B36C-BA95-48A1-A4EA-83DC73244479}.Debug|Win32.ActiveCfg = Debug|Win32
		{1B63B36C-BA95-48A1-A4EA-83DC73244479}.Debug|Win32.Build.0 = Debug|Win32
		{1B63B36C-BA95-48A1-A4EA-83DC73244479}.Release|Win32.ActiveCfg = Release|Win32
		{1B63B36C-BA95-48A1-A4EA-83DC73244479}.Release|Win32.Build.0 = Release|Win32
	EndGlobalSection
	GlobalSection(SolutionProperties) = preSolution
		HideSolutionNode = FALSE
	EndGlobalSection
EndGlobal
